
Microsoft Visual Studio Solution File, Format Version 12.00
Project("{2150E333-8FDC-42A3-9474-1A3956D46DE8}") = "Services", "Services", "{B0792F3C-653A-4741-80EA-B971CC2828B6}"
EndProject
Project("{2150E333-8FDC-42A3-9474-1A3956D46DE8}") = "Catalog", "Catalog", "{1D5DC0B1-FCDC-4B19-908F-3CD9BE06CB49}"
EndProject
Project("{FAE04EC0-301F-11D3-BF4B-00C04F79EFBC}") = "Catalog", "Services\Catalog\Catalog\Catalog.csproj", "{0C993FA5-7835-4B54-ACAF-4689E2890861}"
EndProject
Global
	GlobalSection(SolutionConfigurationPlatforms) = preSolution
		Debug|Any CPU = Debug|Any CPU
		Release|Any CPU = Release|Any CPU
	EndGlobalSection
	GlobalSection(NestedProjects) = preSolution
		{1D5DC0B1-FCDC-4B19-908F-3CD9BE06CB49} = {B0792F3C-653A-4741-80EA-B971CC2828B6}
		{0C993FA5-7835-4B54-ACAF-4689E2890861} = {1D5DC0B1-FCDC-4B19-908F-3CD9BE06CB49}
	EndGlobalSection
	GlobalSection(ProjectConfigurationPlatforms) = postSolution
		{0C993FA5-7835-4B54-ACAF-4689E2890861}.Debug|Any CPU.ActiveCfg = Debug|Any CPU
		{0C993FA5-7835-4B54-ACAF-4689E2890861}.Debug|Any CPU.Build.0 = Debug|Any CPU
		{0C993FA5-7835-4B54-ACAF-4689E2890861}.Release|Any CPU.ActiveCfg = Release|Any CPU
		{0C993FA5-7835-4B54-ACAF-4689E2890861}.Release|Any CPU.Build.0 = Release|Any CPU
	EndGlobalSection
EndGlobal
